
Microsoft Visual Studio Solution File, Format Version 12.00
# Visual Studio Version 16
VisualStudioVersion = 16.0.31911.196
MinimumVisualStudioVersion = 10.0.40219.1
Project("{FAE04EC0-301F-11D3-BF4B-00C04F79EFBC}") = "01-ByteBank", "01-ByteBank\01-ByteBank.csproj", "{77A59D81-0D92-494A-891F-6CC4C36E822A}"
EndProject
Project("{FAE04EC0-301F-11D3-BF4B-00C04F79EFBC}") = "02-Bytebank", "02-Bytebank\02-Bytebank.csproj", "{77D6B61F-1660-418F-A95C-765472B77D95}"
EndProject
Project("{FAE04EC0-301F-11D3-BF4B-00C04F79EFBC}") = "03-ByteBank", "03-ByteBank\03-ByteBank.csproj", "{4F670F76-0FB7-4ACF-B4A5-28C1EA9B9BA0}"
EndProject
Project("{FAE04EC0-301F-11D3-BF4B-00C04F79EFBC}") = "04-ByteBank", "04-ByteBank\04-ByteBank.csproj", "{DFF8BBA7-4D57-4A6F-B534-15C730D2B3D7}"
EndProject
Project("{FAE04EC0-301F-11D3-BF4B-00C04F79EFBC}") = "05-ByteBank", "05-ByteBank\05-ByteBank.csproj", "{E497015C-AD6F-4BDD-85E4-137B56BE0AE3}"
EndProject
Global
	GlobalSection(SolutionConfigurationPlatforms) = preSolution
		Debug|Any CPU = Debug|Any CPU
		Release|Any CPU = Release|Any CPU
	EndGlobalSection
	GlobalSection(ProjectConfigurationPlatforms) = postSolution
		{77A59D81-0D92-494A-891F-6CC4C36E822A}.Debug|Any CPU.ActiveCfg = Debug|Any CPU
		{77A59D81-0D92-494A-891F-6CC4C36E822A}.Debug|Any CPU.Build.0 = Debug|Any CPU
		{77A59D81-0D92-494A-891F-6CC4C36E822A}.Release|Any CPU.ActiveCfg = Release|Any CPU
		{77A59D81-0D92-494A-891F-6CC4C36E822A}.Release|Any CPU.Build.0 = Release|Any CPU
		{77D6B61F-1660-418F-A95C-765472B77D95}.Debug|Any CPU.ActiveCfg = Debug|Any CPU
		{77D6B61F-1660-418F-A95C-765472B77D95}.Debug|Any CPU.Build.0 = Debug|Any CPU
		{77D6B61F-1660-418F-A95C-765472B77D95}.Release|Any CPU.ActiveCfg = Release|Any CPU
		{77D6B61F-1660-418F-A95C-765472B77D95}.Release|Any CPU.Build.0 = Release|Any CPU
		{4F670F76-0FB7-4ACF-B4A5-28C1EA9B9BA0}.Debug|Any CPU.ActiveCfg = Debug|Any CPU
		{4F670F76-0FB7-4ACF-B4A5-28C1EA9B9BA0}.Debug|Any CPU.Build.0 = Debug|Any CPU
		{4F670F76-0FB7-4ACF-B4A5-28C1EA9B9BA0}.Release|Any CPU.ActiveCfg = Release|Any CPU
		{4F670F76-0FB7-4ACF-B4A5-28C1EA9B9BA0}.Release|Any CPU.Build.0 = Release|Any CPU
		{DFF8BBA7-4D57-4A6F-B534-15C730D2B3D7}.Debug|Any CPU.ActiveCfg = Debug|Any CPU
		{DFF8BBA7-4D57-4A6F-B534-15C730D2B3D7}.Debug|Any CPU.Build.0 = Debug|Any CPU
		{DFF8BBA7-4D57-4A6F-B534-15C730D2B3D7}.Release|Any CPU.ActiveCfg = Release|Any CPU
		{DFF8BBA7-4D57-4A6F-B534-15C730D2B3D7}.Release|Any CPU.Build.0 = Release|Any CPU
		{E497015C-AD6F-4BDD-85E4-137B56BE0AE3}.Debug|Any CPU.ActiveCfg = Debug|Any CPU
		{E497015C-AD6F-4BDD-85E4-137B56BE0AE3}.Debug|Any CPU.Build.0 = Debug|Any CPU
		{E497015C-AD6F-4BDD-85E4-137B56BE0AE3}.Release|Any CPU.ActiveCfg = Release|Any CPU
		{E497015C-AD6F-4BDD-85E4-137B56BE0AE3}.Release|Any CPU.Build.0 = Release|Any CPU
	EndGlobalSection
	GlobalSection(SolutionProperties) = preSolution
		HideSolutionNode = FALSE
	EndGlobalSection
	GlobalSection(ExtensibilityGlobals) = postSolution
		SolutionGuid = {3275B92C-4333-4C81-9E80-99D77E342470}
	EndGlobalSection
EndGlobal
